
Microsoft Visual Studio Solution File, Format Version 12.00
# Visual Studio Version 17
VisualStudioVersion = 17.0.32002.185
MinimumVisualStudioVersion = 10.0.40219.1
Project("{FAE04EC0-301F-11D3-BF4B-00C04F79EFBC}") = "Repair", "Repair\Repair.csproj", "{7411D20B-C655-4390-9242-3B93CA7D3EDE}"
EndProject
Global
	GlobalSection(SolutionConfigurationPlatforms) = preSolution
		Debug|Any CPU = Debug|Any CPU
		Release|Any CPU = Release|Any CPU
	EndGlobalSection
	GlobalSection(ProjectConfigurationPlatforms) = postSolution
		{7411D20B-C655-4390-9242-3B93CA7D3EDE}.Debug|Any CPU.ActiveCfg = Debug|Any CPU
		{7411D20B-C655-4390-9242-3B93CA7D3EDE}.Debug|Any CPU.Build.0 = Debug|Any CPU
		{7411D20B-C655-4390-9242-3B93CA7D3EDE}.Release|Any CPU.ActiveCfg = Release|Any CPU
		{7411D20B-C655-4390-9242-3B93CA7D3EDE}.Release|Any CPU.Build.0 = Release|Any CPU
	EndGlobalSection
	GlobalSection(SolutionProperties) = preSolution
		HideSolutionNode = FALSE
	EndGlobalSection
	GlobalSection(ExtensibilityGlobals) = postSolution
		SolutionGuid = {BB8697A8-6BF4-4F7C-8CCD-3275122ABB33}
	EndGlobalSection
EndGlobal
