
Microsoft Visual Studio Solution File, Format Version 12.00
# Visual Studio Version 16
VisualStudioVersion = 16.0.31729.503
MinimumVisualStudioVersion = 10.0.40219.1
Project("{FAE04EC0-301F-11D3-BF4B-00C04F79EFBC}") = "CA-Task-11", "CA-Task-11\CA-Task-11.csproj", "{F05F0020-2229-41C3-AD37-18BF7E45AB3C}"
EndProject
Global
	GlobalSection(SolutionConfigurationPlatforms) = preSolution
		Debug|Any CPU = Debug|Any CPU
		Release|Any CPU = Release|Any CPU
	EndGlobalSection
	GlobalSection(ProjectConfigurationPlatforms) = postSolution
		{F05F0020-2229-41C3-AD37-18BF7E45AB3C}.Debug|Any CPU.ActiveCfg = Debug|Any CPU
		{F05F0020-2229-41C3-AD37-18BF7E45AB3C}.Debug|Any CPU.Build.0 = Debug|Any CPU
		{F05F0020-2229-41C3-AD37-18BF7E45AB3C}.Release|Any CPU.ActiveCfg = Release|Any CPU
		{F05F0020-2229-41C3-AD37-18BF7E45AB3C}.Release|Any CPU.Build.0 = Release|Any CPU
	EndGlobalSection
	GlobalSection(SolutionProperties) = preSolution
		HideSolutionNode = FALSE
	EndGlobalSection
	GlobalSection(ExtensibilityGlobals) = postSolution
		SolutionGuid = {BB2626D8-8182-4C6D-8A61-915F0BB5EE6D}
	EndGlobalSection
EndGlobal
