
Microsoft Visual Studio Solution File, Format Version 12.00
# Visual Studio Version 16
VisualStudioVersion = 16.0.31729.503
MinimumVisualStudioVersion = 10.0.40219.1
Project("{FAE04EC0-301F-11D3-BF4B-00C04F79EFBC}") = "Tasks 1-5", "Tasks 1-5\Tasks 1-5.csproj", "{F65B933E-D276-4491-8D7B-1DD801DF187C}"
EndProject
Global
	GlobalSection(SolutionConfigurationPlatforms) = preSolution
		Debug|Any CPU = Debug|Any CPU
		Release|Any CPU = Release|Any CPU
	EndGlobalSection
	GlobalSection(ProjectConfigurationPlatforms) = postSolution
		{F65B933E-D276-4491-8D7B-1DD801DF187C}.Debug|Any CPU.ActiveCfg = Debug|Any CPU
		{F65B933E-D276-4491-8D7B-1DD801DF187C}.Debug|Any CPU.Build.0 = Debug|Any CPU
		{F65B933E-D276-4491-8D7B-1DD801DF187C}.Release|Any CPU.ActiveCfg = Release|Any CPU
		{F65B933E-D276-4491-8D7B-1DD801DF187C}.Release|Any CPU.Build.0 = Release|Any CPU
	EndGlobalSection
	GlobalSection(SolutionProperties) = preSolution
		HideSolutionNode = FALSE
	EndGlobalSection
	GlobalSection(ExtensibilityGlobals) = postSolution
		SolutionGuid = {40C4A94E-8C5C-407E-82C2-975CD635B5BB}
	EndGlobalSection
EndGlobal
